// !$*UTF8*$!
{
	archiveVersion = 1;
	classes = {
	};
	objectVersion = 51;
	objects = {

/* Begin PBXBuildFile section */
		509B2A97F7BECFBC588D34A0 /* Pods_EdhiTrust.framework in Frameworks */ = {isa = PBXBuildFile; fileRef = 2A9EB35D4D9DD60286F0E608 /* Pods_EdhiTrust.framework */; };
		EE31138823C6ECFB006EFF1E /* GenderView.xib in Resources */ = {isa = PBXBuildFile; fileRef = EE31138723C6ECFB006EFF1E /* GenderView.xib */; };
		EE31138A23C6EDE6006EFF1E /* GenderView.swift in Sources */ = {isa = PBXBuildFile; fileRef = EE31138923C6EDE6006EFF1E /* GenderView.swift */; };
		EE3AAC8223CB54360010BC96 /* PostMissingViewController.swift in Sources */ = {isa = PBXBuildFile; fileRef = EE3AAC8123CB54360010BC96 /* PostMissingViewController.swift */; };
		EE404B7A23C8B34000884272 /* MissingsViewController.swift in Sources */ = {isa = PBXBuildFile; fileRef = EE404B7923C8B34000884272 /* MissingsViewController.swift */; };
		EE51A1A323C49017007602CF /* BloodRequestsViewController.swift in Sources */ = {isa = PBXBuildFile; fileRef = EE51A1A223C49017007602CF /* BloodRequestsViewController.swift */; };
		EE51A1A823C493FF007602CF /* IconTextFieldView.swift in Sources */ = {isa = PBXBuildFile; fileRef = EE51A1A623C493FE007602CF /* IconTextFieldView.swift */; };
		EE51A1A923C493FF007602CF /* IconTextFieldView.xib in Resources */ = {isa = PBXBuildFile; fileRef = EE51A1A723C493FF007602CF /* IconTextFieldView.xib */; };
		EE51A1AB23C499B3007602CF /* PostBloodRequestViewController.swift in Sources */ = {isa = PBXBuildFile; fileRef = EE51A1AA23C499B3007602CF /* PostBloodRequestViewController.swift */; };
		EE56668A23CC0D60005A7415 /* CentersDetailsViewController.swift in Sources */ = {isa = PBXBuildFile; fileRef = EE56668923CC0D60005A7415 /* CentersDetailsViewController.swift */; };
		EE95DD0523C307B000BFC0EB /* SignInViewController.swift in Sources */ = {isa = PBXBuildFile; fileRef = EE95DD0423C307B000BFC0EB /* SignInViewController.swift */; };
		EE95DD0823C309D200BFC0EB /* Constants.swift in Sources */ = {isa = PBXBuildFile; fileRef = EE95DD0723C309D200BFC0EB /* Constants.swift */; };
		EE95DD0A23C30A1800BFC0EB /* Extension.swift in Sources */ = {isa = PBXBuildFile; fileRef = EE95DD0923C30A1800BFC0EB /* Extension.swift */; };
		EEC0D4CC23C8ABB400829B30 /* MissingView.swift in Sources */ = {isa = PBXBuildFile; fileRef = EEC0D4CB23C8ABB400829B30 /* MissingView.swift */; };
		EEC0D4CE23C8ABFD00829B30 /* MissingView.xib in Resources */ = {isa = PBXBuildFile; fileRef = EEC0D4CD23C8ABFD00829B30 /* MissingView.xib */; };
		EEC26E7C23C3023400AC6C4B /* AppDelegate.swift in Sources */ = {isa = PBXBuildFile; fileRef = EEC26E7B23C3023400AC6C4B /* AppDelegate.swift */; };
		EEC26E8323C3023400AC6C4B /* Main.storyboard in Resources */ = {isa = PBXBuildFile; fileRef = EEC26E8123C3023400AC6C4B /* Main.storyboard */; };
		EEC26E8523C3023600AC6C4B /* Assets.xcassets in Resources */ = {isa = PBXBuildFile; fileRef = EEC26E8423C3023600AC6C4B /* Assets.xcassets */; };
		EEC26E8823C3023600AC6C4B /* LaunchScreen.storyboard in Resources */ = {isa = PBXBuildFile; fileRef = EEC26E8623C3023600AC6C4B /* LaunchScreen.storyboard */; };
		EEC8659E240E5EB400D84AEC /* BloodView.swift in Sources */ = {isa = PBXBuildFile; fileRef = EEC8659D240E5EB400D84AEC /* BloodView.swift */; };
		EEC865A0240E5F4200D84AEC /* BloodView.xib in Resources */ = {isa = PBXBuildFile; fileRef = EEC8659F240E5F4200D84AEC /* BloodView.xib */; };
		EED5D4B523C39B9D00F516A0 /* BloodRequestsCarbonViewController.swift in Sources */ = {isa = PBXBuildFile; fileRef = EED5D4B423C39B9D00F516A0 /* BloodRequestsCarbonViewController.swift */; };
		EED5D4B923C39DE800F516A0 /* MissingPersonCarbonViewController.swift in Sources */ = {isa = PBXBuildFile; fileRef = EED5D4B823C39DE800F516A0 /* MissingPersonCarbonViewController.swift */; };
		EEEB0A3B23C3655B0005E291 /* RoundShadowView.swift in Sources */ = {isa = PBXBuildFile; fileRef = EEEB0A3A23C3655B0005E291 /* RoundShadowView.swift */; };
		EEEB0A3F23C36FA00005E291 /* StartHomeViewController.swift in Sources */ = {isa = PBXBuildFile; fileRef = EEEB0A3E23C36FA00005E291 /* StartHomeViewController.swift */; };
		EEEB0A4323C37E660005E291 /* AmbulancesViewController.swift in Sources */ = {isa = PBXBuildFile; fileRef = EEEB0A4223C37E660005E291 /* AmbulancesViewController.swift */; };
		EEEB0A4523C37F4D0005E291 /* PopUpDailogue.swift in Sources */ = {isa = PBXBuildFile; fileRef = EEEB0A4423C37F4D0005E291 /* PopUpDailogue.swift */; };
		EEEB0A4723C37FCC0005E291 /* style.json in Resources */ = {isa = PBXBuildFile; fileRef = EEEB0A4623C37FCC0005E291 /* style.json */; };
/* End PBXBuildFile section */

/* Begin PBXFileReference section */
		2A9EB35D4D9DD60286F0E608 /* Pods_EdhiTrust.framework */ = {isa = PBXFileReference; explicitFileType = wrapper.framework; includeInIndex = 0; path = Pods_EdhiTrust.framework; sourceTree = BUILT_PRODUCTS_DIR; };
		3A1194EF4F65149B679A006D /* Pods-EdhiTrust.debug.xcconfig */ = {isa = PBXFileReference; includeInIndex = 1; lastKnownFileType = text.xcconfig; name = "Pods-EdhiTrust.debug.xcconfig"; path = "Target Support Files/Pods-EdhiTrust/Pods-EdhiTrust.debug.xcconfig"; sourceTree = "<group>"; };
		A4E619D75221AE2C9BA17BCC /* Pods-EdhiTrust.release.xcconfig */ = {isa = PBXFileReference; includeInIndex = 1; lastKnownFileType = text.xcconfig; name = "Pods-EdhiTrust.release.xcconfig"; path = "Target Support Files/Pods-EdhiTrust/Pods-EdhiTrust.release.xcconfig"; sourceTree = "<group>"; };
		EE31138723C6ECFB006EFF1E /* GenderView.xib */ = {isa = PBXFileReference; lastKnownFileType = file.xib; path = GenderView.xib; sourceTree = "<group>"; };
		EE31138923C6EDE6006EFF1E /* GenderView.swift */ = {isa = PBXFileReference; lastKnownFileType = sourcecode.swift; path = GenderView.swift; sourceTree = "<group>"; };
		EE3AAC8123CB54360010BC96 /* PostMissingViewController.swift */ = {isa = PBXFileReference; lastKnownFileType = sourcecode.swift; path = PostMissingViewController.swift; sourceTree = "<group>"; };
		EE404B7923C8B34000884272 /* MissingsViewController.swift */ = {isa = PBXFileReference; lastKnownFileType = sourcecode.swift; path = MissingsViewController.swift; sourceTree = "<group>"; };
		EE51A1A223C49017007602CF /* BloodRequestsViewController.swift */ = {isa = PBXFileReference; lastKnownFileType = sourcecode.swift; path = BloodRequestsViewController.swift; sourceTree = "<group>"; };
		EE51A1A623C493FE007602CF /* IconTextFieldView.swift */ = {isa = PBXFileReference; fileEncoding = 4; lastKnownFileType = sourcecode.swift; path = IconTextFieldView.swift; sourceTree = "<group>"; };
		EE51A1A723C493FF007602CF /* IconTextFieldView.xib */ = {isa = PBXFileReference; fileEncoding = 4; lastKnownFileType = file.xib; path = IconTextFieldView.xib; sourceTree = "<group>"; };
		EE51A1AA23C499B3007602CF /* PostBloodRequestViewController.swift */ = {isa = PBXFileReference; lastKnownFileType = sourcecode.swift; path = PostBloodRequestViewController.swift; sourceTree = "<group>"; };
		EE56668923CC0D60005A7415 /* CentersDetailsViewController.swift */ = {isa = PBXFileReference; lastKnownFileType = sourcecode.swift; path = CentersDetailsViewController.swift; sourceTree = "<group>"; };
		EE95DD0423C307B000BFC0EB /* SignInViewController.swift */ = {isa = PBXFileReference; lastKnownFileType = sourcecode.swift; path = SignInViewController.swift; sourceTree = "<group>"; };
		EE95DD0723C309D200BFC0EB /* Constants.swift */ = {isa = PBXFileReference; lastKnownFileType = sourcecode.swift; path = Constants.swift; sourceTree = "<group>"; };
		EE95DD0923C30A1800BFC0EB /* Extension.swift */ = {isa = PBXFileReference; lastKnownFileType = sourcecode.swift; path = Extension.swift; sourceTree = "<group>"; };
		EEC0D4CB23C8ABB400829B30 /* MissingView.swift */ = {isa = PBXFileReference; lastKnownFileType = sourcecode.swift; path = MissingView.swift; sourceTree = "<group>"; };
		EEC0D4CD23C8ABFD00829B30 /* MissingView.xib */ = {isa = PBXFileReference; lastKnownFileType = file.xib; path = MissingView.xib; sourceTree = "<group>"; };
		EEC26E7823C3023400AC6C4B /* EdhiTrust.app */ = {isa = PBXFileReference; explicitFileType = wrapper.application; includeInIndex = 0; path = EdhiTrust.app; sourceTree = BUILT_PRODUCTS_DIR; };
		EEC26E7B23C3023400AC6C4B /* AppDelegate.swift */ = {isa = PBXFileReference; lastKnownFileType = sourcecode.swift; path = AppDelegate.swift; sourceTree = "<group>"; };
		EEC26E8223C3023400AC6C4B /* Base */ = {isa = PBXFileReference; lastKnownFileType = file.storyboard; name = Base; path = Base.lproj/Main.storyboard; sourceTree = "<group>"; };
		EEC26E8423C3023600AC6C4B /* Assets.xcassets */ = {isa = PBXFileReference; lastKnownFileType = folder.assetcatalog; path = Assets.xcassets; sourceTree = "<group>"; };
		EEC26E8723C3023600AC6C4B /* Base */ = {isa = PBXFileReference; lastKnownFileType = file.storyboard; name = Base; path = Base.lproj/LaunchScreen.storyboard; sourceTree = "<group>"; };
		EEC26E8923C3023600AC6C4B /* Info.plist */ = {isa = PBXFileReference; lastKnownFileType = text.plist.xml; path = Info.plist; sourceTree = "<group>"; };
		EEC8659D240E5EB400D84AEC /* BloodView.swift */ = {isa = PBXFileReference; lastKnownFileType = sourcecode.swift; path = BloodView.swift; sourceTree = "<group>"; };
		EEC8659F240E5F4200D84AEC /* BloodView.xib */ = {isa = PBXFileReference; lastKnownFileType = file.xib; path = BloodView.xib; sourceTree = "<group>"; };
		EED5D4B423C39B9D00F516A0 /* BloodRequestsCarbonViewController.swift */ = {isa = PBXFileReference; lastKnownFileType = sourcecode.swift; path = BloodRequestsCarbonViewController.swift; sourceTree = "<group>"; };
		EED5D4B823C39DE800F516A0 /* MissingPersonCarbonViewController.swift */ = {isa = PBXFileReference; lastKnownFileType = sourcecode.swift; path = MissingPersonCarbonViewController.swift; sourceTree = "<group>"; };
		EEEB0A3A23C3655B0005E291 /* RoundShadowView.swift */ = {isa = PBXFileReference; lastKnownFileType = sourcecode.swift; path = RoundShadowView.swift; sourceTree = "<group>"; };
		EEEB0A3E23C36FA00005E291 /* StartHomeViewController.swift */ = {isa = PBXFileReference; lastKnownFileType = sourcecode.swift; path = StartHomeViewController.swift; sourceTree = "<group>"; };
		EEEB0A4223C37E660005E291 /* AmbulancesViewController.swift */ = {isa = PBXFileReference; lastKnownFileType = sourcecode.swift; path = AmbulancesViewController.swift; sourceTree = "<group>"; };
		EEEB0A4423C37F4D0005E291 /* PopUpDailogue.swift */ = {isa = PBXFileReference; lastKnownFileType = sourcecode.swift; path = PopUpDailogue.swift; sourceTree = "<group>"; };
		EEEB0A4623C37FCC0005E291 /* style.json */ = {isa = PBXFileReference; fileEncoding = 4; lastKnownFileType = text.json; path = style.json; sourceTree = "<group>"; };
/* End PBXFileReference section */

/* Begin PBXFrameworksBuildPhase section */
		EEC26E7523C3023400AC6C4B /* Frameworks */ = {
			isa = PBXFrameworksBuildPhase;
			buildActionMask = 2147483647;
			files = (
				509B2A97F7BECFBC588D34A0 /* Pods_EdhiTrust.framework in Frameworks */,
			);
			runOnlyForDeploymentPostprocessing = 0;
		};
/* End PBXFrameworksBuildPhase section */

/* Begin PBXGroup section */
		1945B9D9679A3B059859B6DC /* Frameworks */ = {
			isa = PBXGroup;
			children = (
				2A9EB35D4D9DD60286F0E608 /* Pods_EdhiTrust.framework */,
			);
			name = Frameworks;
			sourceTree = "<group>";
		};
		ED857AD94F960C0C6E57CB51 /* Pods */ = {
			isa = PBXGroup;
			children = (
				3A1194EF4F65149B679A006D /* Pods-EdhiTrust.debug.xcconfig */,
				A4E619D75221AE2C9BA17BCC /* Pods-EdhiTrust.release.xcconfig */,
			);
			path = Pods;
			sourceTree = "<group>";
		};
		EE31138623C6E81C006EFF1E /* GenderView */ = {
			isa = PBXGroup;
			children = (
				EE31138723C6ECFB006EFF1E /* GenderView.xib */,
				EE31138923C6EDE6006EFF1E /* GenderView.swift */,
			);
			path = GenderView;
			sourceTree = "<group>";
		};
		EE51A1A423C493D9007602CF /* CustomViews */ = {
			isa = PBXGroup;
			children = (
				EEC8659C240E5E9500D84AEC /* Blood DonationView */,
				EEC0D4CA23C8ABA700829B30 /* MissingView */,
				EE31138623C6E81C006EFF1E /* GenderView */,
				EE51A1A523C493E4007602CF /* InputView */,
			);
			path = CustomViews;
			sourceTree = "<group>";
		};
		EE51A1A523C493E4007602CF /* InputView */ = {
			isa = PBXGroup;
			children = (
				EE51A1A623C493FE007602CF /* IconTextFieldView.swift */,
				EE51A1A723C493FF007602CF /* IconTextFieldView.xib */,
			);
			path = InputView;
			sourceTree = "<group>";
		};
		EE56668723CC0D3A005A7415 /* Center Details */ = {
			isa = PBXGroup;
			children = (
				EE56668823CC0D45005A7415 /* ViewControllers */,
			);
			path = "Center Details";
			sourceTree = "<group>";
		};
		EE56668823CC0D45005A7415 /* ViewControllers */ = {
			isa = PBXGroup;
			children = (
				EE56668923CC0D60005A7415 /* CentersDetailsViewController.swift */,
			);
			path = ViewControllers;
			sourceTree = "<group>";
		};
		EE95DD0223C306FD00BFC0EB /* Delegates */ = {
			isa = PBXGroup;
			children = (
				EEC26E7B23C3023400AC6C4B /* AppDelegate.swift */,
			);
			path = Delegates;
			sourceTree = "<group>";
		};
		EE95DD0323C3079E00BFC0EB /* Auth */ = {
			isa = PBXGroup;
			children = (
				EE95DD0423C307B000BFC0EB /* SignInViewController.swift */,
			);
			path = Auth;
			sourceTree = "<group>";
		};
		EE95DD0623C309BF00BFC0EB /* Helpers */ = {
			isa = PBXGroup;
			children = (
				EEEB0A4623C37FCC0005E291 /* style.json */,
				EE95DD0723C309D200BFC0EB /* Constants.swift */,
				EE95DD0923C30A1800BFC0EB /* Extension.swift */,
				EEEB0A3A23C3655B0005E291 /* RoundShadowView.swift */,
				EEEB0A4423C37F4D0005E291 /* PopUpDailogue.swift */,
			);
			path = Helpers;
			sourceTree = "<group>";
		};
		EEC0D4CA23C8ABA700829B30 /* MissingView */ = {
			isa = PBXGroup;
			children = (
				EEC0D4CB23C8ABB400829B30 /* MissingView.swift */,
				EEC0D4CD23C8ABFD00829B30 /* MissingView.xib */,
			);
			path = MissingView;
			sourceTree = "<group>";
		};
		EEC26E6F23C3023400AC6C4B = {
			isa = PBXGroup;
			children = (
				EEC26E7A23C3023400AC6C4B /* EdhiTrust */,
				EEC26E7923C3023400AC6C4B /* Products */,
				ED857AD94F960C0C6E57CB51 /* Pods */,
				1945B9D9679A3B059859B6DC /* Frameworks */,
			);
			sourceTree = "<group>";
		};
		EEC26E7923C3023400AC6C4B /* Products */ = {
			isa = PBXGroup;
			children = (
				EEC26E7823C3023400AC6C4B /* EdhiTrust.app */,
			);
			name = Products;
			sourceTree = "<group>";
		};
		EEC26E7A23C3023400AC6C4B /* EdhiTrust */ = {
			isa = PBXGroup;
			children = (
				EE56668723CC0D3A005A7415 /* Center Details */,
				EE95DD0623C309BF00BFC0EB /* Helpers */,
				EE51A1A423C493D9007602CF /* CustomViews */,
				EED5D4B623C39DD200F516A0 /* Missing Person */,
				EED5D4B223C39B6800F516A0 /* Blood Requests */,
				EEEB0A4023C37E4A0005E291 /* Ambulances */,
				EEEB0A3C23C36F880005E291 /* Start Home */,
				EE95DD0323C3079E00BFC0EB /* Auth */,
				EE95DD0223C306FD00BFC0EB /* Delegates */,
				EEC26E8123C3023400AC6C4B /* Main.storyboard */,
				EEC26E8423C3023600AC6C4B /* Assets.xcassets */,
				EEC26E8623C3023600AC6C4B /* LaunchScreen.storyboard */,
				EEC26E8923C3023600AC6C4B /* Info.plist */,
			);
			path = EdhiTrust;
			sourceTree = "<group>";
		};
		EEC8659C240E5E9500D84AEC /* Blood DonationView */ = {
			isa = PBXGroup;
			children = (
				EEC8659D240E5EB400D84AEC /* BloodView.swift */,
				EEC8659F240E5F4200D84AEC /* BloodView.xib */,
			);
			path = "Blood DonationView";
			sourceTree = "<group>";
		};
		EED5D4B223C39B6800F516A0 /* Blood Requests */ = {
			isa = PBXGroup;
			children = (
				EED5D4B323C39B7E00F516A0 /* ViewControllers */,
			);
			path = "Blood Requests";
			sourceTree = "<group>";
		};
		EED5D4B323C39B7E00F516A0 /* ViewControllers */ = {
			isa = PBXGroup;
			children = (
				EED5D4B423C39B9D00F516A0 /* BloodRequestsCarbonViewController.swift */,
				EE51A1A223C49017007602CF /* BloodRequestsViewController.swift */,
				EE51A1AA23C499B3007602CF /* PostBloodRequestViewController.swift */,
			);
			path = ViewControllers;
			sourceTree = "<group>";
		};
		EED5D4B623C39DD200F516A0 /* Missing Person */ = {
			isa = PBXGroup;
			children = (
				EED5D4B723C39DDA00F516A0 /* ViewController */,
			);
			path = "Missing Person";
			sourceTree = "<group>";
		};
		EED5D4B723C39DDA00F516A0 /* ViewController */ = {
			isa = PBXGroup;
			children = (
				EED5D4B823C39DE800F516A0 /* MissingPersonCarbonViewController.swift */,
				EE404B7923C8B34000884272 /* MissingsViewController.swift */,
				EE3AAC8123CB54360010BC96 /* PostMissingViewController.swift */,
			);
			path = ViewController;
			sourceTree = "<group>";
		};
		EEEB0A3C23C36F880005E291 /* Start Home */ = {
			isa = PBXGroup;
			children = (
				EEEB0A3D23C36F900005E291 /* ViewControllers */,
			);
			path = "Start Home";
			sourceTree = "<group>";
		};
		EEEB0A3D23C36F900005E291 /* ViewControllers */ = {
			isa = PBXGroup;
			children = (
				EEEB0A3E23C36FA00005E291 /* StartHomeViewController.swift */,
			);
			path = ViewControllers;
			sourceTree = "<group>";
		};
		EEEB0A4023C37E4A0005E291 /* Ambulances */ = {
			isa = PBXGroup;
			children = (
				EEEB0A4123C37E560005E291 /* ViewControllers */,
			);
			path = Ambulances;
			sourceTree = "<group>";
		};
		EEEB0A4123C37E560005E291 /* ViewControllers */ = {
			isa = PBXGroup;
			children = (
				EEEB0A4223C37E660005E291 /* AmbulancesViewController.swift */,
			);
			path = ViewControllers;
			sourceTree = "<group>";
		};
/* End PBXGroup section */

/* Begin PBXNativeTarget section */
		EEC26E7723C3023400AC6C4B /* EdhiTrust */ = {
			isa = PBXNativeTarget;
			buildConfigurationList = EEC26E8C23C3023600AC6C4B /* Build configuration list for PBXNativeTarget "EdhiTrust" */;
			buildPhases = (
				027FDB264FB258152E789EAC /* [CP] Check Pods Manifest.lock */,
				EEC26E7423C3023400AC6C4B /* Sources */,
				EEC26E7523C3023400AC6C4B /* Frameworks */,
				EEC26E7623C3023400AC6C4B /* Resources */,
				4774F5A0C91E641040AC83F8 /* [CP] Embed Pods Frameworks */,
				C9A956BC06A08129493D0BB1 /* [CP] Copy Pods Resources */,
			);
			buildRules = (
			);
			dependencies = (
			);
			name = EdhiTrust;
			productName = EdhiTrust;
			productReference = EEC26E7823C3023400AC6C4B /* EdhiTrust.app */;
			productType = "com.apple.product-type.application";
		};
/* End PBXNativeTarget section */

/* Begin PBXProject section */
		EEC26E7023C3023400AC6C4B /* Project object */ = {
			isa = PBXProject;
			attributes = {
				LastSwiftUpdateCheck = 1110;
				LastUpgradeCheck = 1110;
				ORGANIZATIONNAME = "Ibbi Khan";
				TargetAttributes = {
					EEC26E7723C3023400AC6C4B = {
						CreatedOnToolsVersion = 11.1;
					};
				};
			};
			buildConfigurationList = EEC26E7323C3023400AC6C4B /* Build configuration list for PBXProject "EdhiTrust" */;
			compatibilityVersion = "Xcode 9.3";
			developmentRegion = en;
			hasScannedForEncodings = 0;
			knownRegions = (
				en,
				Base,
			);
			mainGroup = EEC26E6F23C3023400AC6C4B;
			productRefGroup = EEC26E7923C3023400AC6C4B /* Products */;
			projectDirPath = "";
			projectRoot = "";
			targets = (
				EEC26E7723C3023400AC6C4B /* EdhiTrust */,
			);
		};
/* End PBXProject section */

/* Begin PBXResourcesBuildPhase section */
		EEC26E7623C3023400AC6C4B /* Resources */ = {
			isa = PBXResourcesBuildPhase;
			buildActionMask = 2147483647;
			files = (
				EE51A1A923C493FF007602CF /* IconTextFieldView.xib in Resources */,
				EEC865A0240E5F4200D84AEC /* BloodView.xib in Resources */,
				EE31138823C6ECFB006EFF1E /* GenderView.xib in Resources */,
				EEC26E8823C3023600AC6C4B /* LaunchScreen.storyboard in Resources */,
				EEC0D4CE23C8ABFD00829B30 /* MissingView.xib in Resources */,
				EEC26E8523C3023600AC6C4B /* Assets.xcassets in Resources */,
				EEC26E8323C3023400AC6C4B /* Main.storyboard in Resources */,
				EEEB0A4723C37FCC0005E291 /* style.json in Resources */,
			);
			runOnlyForDeploymentPostprocessing = 0;
		};
/* End PBXResourcesBuildPhase section */

/* Begin PBXShellScriptBuildPhase section */
		027FDB264FB258152E789EAC /* [CP] Check Pods Manifest.lock */ = {
			isa = PBXShellScriptBuildPhase;
			buildActionMask = 2147483647;
			files = (
			);
			inputFileListPaths = (
			);
			inputPaths = (
				"${PODS_PODFILE_DIR_PATH}/Podfile.lock",
				"${PODS_ROOT}/Manifest.lock",
			);
			name = "[CP] Check Pods Manifest.lock";
			outputFileListPaths = (
			);
			outputPaths = (
				"$(DERIVED_FILE_DIR)/Pods-EdhiTrust-checkManifestLockResult.txt",
			);
			runOnlyForDeploymentPostprocessing = 0;
			shellPath = /bin/sh;
			shellScript = "diff \"${PODS_PODFILE_DIR_PATH}/Podfile.lock\" \"${PODS_ROOT}/Manifest.lock\" > /dev/null\nif [ $? != 0 ] ; then\n    # print error to STDERR\n    echo \"error: The sandbox is not in sync with the Podfile.lock. Run 'pod install' or update your CocoaPods installation.\" >&2\n    exit 1\nfi\n# This output is used by Xcode 'outputs' to avoid re-running this script phase.\necho \"SUCCESS\" > \"${SCRIPT_OUTPUT_FILE_0}\"\n";
			showEnvVarsInLog = 0;
		};
		4774F5A0C91E641040AC83F8 /* [CP] Embed Pods Frameworks */ = {
			isa = PBXShellScriptBuildPhase;
			buildActionMask = 2147483647;
			files = (
			);
			inputFileListPaths = (
				"${PODS_ROOT}/Target Support Files/Pods-EdhiTrust/Pods-EdhiTrust-frameworks-${CONFIGURATION}-input-files.xcfilelist",
			);
			name = "[CP] Embed Pods Frameworks";
			outputFileListPaths = (
				"${PODS_ROOT}/Target Support Files/Pods-EdhiTrust/Pods-EdhiTrust-frameworks-${CONFIGURATION}-output-files.xcfilelist",
			);
			runOnlyForDeploymentPostprocessing = 0;
			shellPath = /bin/sh;
			shellScript = "\"${PODS_ROOT}/Target Support Files/Pods-EdhiTrust/Pods-EdhiTrust-frameworks.sh\"\n";
			showEnvVarsInLog = 0;
		};
		C9A956BC06A08129493D0BB1 /* [CP] Copy Pods Resources */ = {
			isa = PBXShellScriptBuildPhase;
			buildActionMask = 2147483647;
			files = (
			);
			inputFileListPaths = (
				"${PODS_ROOT}/Target Support Files/Pods-EdhiTrust/Pods-EdhiTrust-resources-${CONFIGURATION}-input-files.xcfilelist",
			);
			name = "[CP] Copy Pods Resources";
			outputFileListPaths = (
				"${PODS_ROOT}/Target Support Files/Pods-EdhiTrust/Pods-EdhiTrust-resources-${CONFIGURATION}-output-files.xcfilelist",
			);
			runOnlyForDeploymentPostprocessing = 0;
			shellPath = /bin/sh;
			shellScript = "\"${PODS_ROOT}/Target Support Files/Pods-EdhiTrust/Pods-EdhiTrust-resources.sh\"\n";
			showEnvVarsInLog = 0;
		};
/* End PBXShellScriptBuildPhase section */

/* Begin PBXSourcesBuildPhase section */
		EEC26E7423C3023400AC6C4B /* Sources */ = {
			isa = PBXSourcesBuildPhase;
			buildActionMask = 2147483647;
			files = (
				EEEB0A4323C37E660005E291 /* AmbulancesViewController.swift in Sources */,
				EED5D4B523C39B9D00F516A0 /* BloodRequestsCarbonViewController.swift in Sources */,
				EE95DD0A23C30A1800BFC0EB /* Extension.swift in Sources */,
				EE3AAC8223CB54360010BC96 /* PostMissingViewController.swift in Sources */,
				EE56668A23CC0D60005A7415 /* CentersDetailsViewController.swift in Sources */,
				EE404B7A23C8B34000884272 /* MissingsViewController.swift in Sources */,
				EEC26E7C23C3023400AC6C4B /* AppDelegate.swift in Sources */,
				EE51A1A323C49017007602CF /* BloodRequestsViewController.swift in Sources */,
				EE31138A23C6EDE6006EFF1E /* GenderView.swift in Sources */,
				EEC0D4CC23C8ABB400829B30 /* MissingView.swift in Sources */,
				EE95DD0523C307B000BFC0EB /* SignInViewController.swift in Sources */,
				EEEB0A4523C37F4D0005E291 /* PopUpDailogue.swift in Sources */,
				EE95DD0823C309D200BFC0EB /* Constants.swift in Sources */,
				EEC8659E240E5EB400D84AEC /* BloodView.swift in Sources */,
				EEEB0A3B23C3655B0005E291 /* RoundShadowView.swift in Sources */,
				EEEB0A3F23C36FA00005E291 /* StartHomeViewController.swift in Sources */,
				EED5D4B923C39DE800F516A0 /* MissingPersonCarbonViewController.swift in Sources */,
				EE51A1A823C493FF007602CF /* IconTextFieldView.swift in Sources */,
				EE51A1AB23C499B3007602CF /* PostBloodRequestViewController.swift in Sources */,
			);
			runOnlyForDeploymentPostprocessing = 0;
		};
/* End PBXSourcesBuildPhase section */

/* Begin PBXVariantGroup section */
		EEC26E8123C3023400AC6C4B /* Main.storyboard */ = {
			isa = PBXVariantGroup;
			children = (
				EEC26E8223C3023400AC6C4B /* Base */,
			);
			name = Main.storyboard;
			sourceTree = "<group>";
		};
		EEC26E8623C3023600AC6C4B /* LaunchScreen.storyboard */ = {
			isa = PBXVariantGroup;
			children = (
				EEC26E8723C3023600AC6C4B /* Base */,
			);
			name = LaunchScreen.storyboard;
			sourceTree = "<group>";
		};
/* End PBXVariantGroup section */

/* Begin XCBuildConfiguration section */
		EEC26E8A23C3023600AC6C4B /* Debug */ = {
			isa = XCBuildConfiguration;
			buildSettings = {
				ALWAYS_SEARCH_USER_PATHS = NO;
				CLANG_ANALYZER_NONNULL = YES;
				CLANG_ANALYZER_NUMBER_OBJECT_CONVERSION = YES_AGGRESSIVE;
				CLANG_CXX_LANGUAGE_STANDARD = "gnu++14";
				CLANG_CXX_LIBRARY = "libc++";
				CLANG_ENABLE_MODULES = YES;
				CLANG_ENABLE_OBJC_ARC = YES;
				CLANG_ENABLE_OBJC_WEAK = YES;
				CLANG_WARN_BLOCK_CAPTURE_AUTORELEASING = YES;
				CLANG_WARN_BOOL_CONVERSION = YES;
				CLANG_WARN_COMMA = YES;
				CLANG_WARN_CONSTANT_CONVERSION = YES;
				CLANG_WARN_DEPRECATED_OBJC_IMPLEMENTATIONS = YES;
				CLANG_WARN_DIRECT_OBJC_ISA_USAGE = YES_ERROR;
				CLANG_WARN_DOCUMENTATION_COMMENTS = YES;
				CLANG_WARN_EMPTY_BODY = YES;
				CLANG_WARN_ENUM_CONVERSION = YES;
				CLANG_WARN_INFINITE_RECURSION = YES;
				CLANG_WARN_INT_CONVERSION = YES;
				CLANG_WARN_NON_LITERAL_NULL_CONVERSION = YES;
				CLANG_WARN_OBJC_IMPLICIT_RETAIN_SELF = YES;
				CLANG_WARN_OBJC_LITERAL_CONVERSION = YES;
				CLANG_WARN_OBJC_ROOT_CLASS = YES_ERROR;
				CLANG_WARN_RANGE_LOOP_ANALYSIS = YES;
				CLANG_WARN_STRICT_PROTOTYPES = YES;
				CLANG_WARN_SUSPICIOUS_MOVE = YES;
				CLANG_WARN_UNGUARDED_AVAILABILITY = YES_AGGRESSIVE;
				CLANG_WARN_UNREACHABLE_CODE = YES;
				CLANG_WARN__DUPLICATE_METHOD_MATCH = YES;
				COPY_PHASE_STRIP = NO;
				DEBUG_INFORMATION_FORMAT = dwarf;
				ENABLE_STRICT_OBJC_MSGSEND = YES;
				ENABLE_TESTABILITY = YES;
				GCC_C_LANGUAGE_STANDARD = gnu11;
				GCC_DYNAMIC_NO_PIC = NO;
				GCC_NO_COMMON_BLOCKS = YES;
				GCC_OPTIMIZATION_LEVEL = 0;
				GCC_PREPROCESSOR_DEFINITIONS = (
					"DEBUG=1",
					"$(inherited)",
				);
				GCC_WARN_64_TO_32_BIT_CONVERSION = YES;
				GCC_WARN_ABOUT_RETURN_TYPE = YES_ERROR;
				GCC_WARN_UNDECLARED_SELECTOR = YES;
				GCC_WARN_UNINITIALIZED_AUTOS = YES_AGGRESSIVE;
				GCC_WARN_UNUSED_FUNCTION = YES;
				GCC_WARN_UNUSED_VARIABLE = YES;
				IPHONEOS_DEPLOYMENT_TARGET = 13.1;
				MTL_ENABLE_DEBUG_INFO = INCLUDE_SOURCE;
				MTL_FAST_MATH = YES;
				ONLY_ACTIVE_ARCH = YES;
				SDKROOT = iphoneos;
				SWIFT_ACTIVE_COMPILATION_CONDITIONS = DEBUG;
				SWIFT_OPTIMIZATION_LEVEL = "-Onone";
			};
			name = Debug;
		};
		EEC26E8B23C3023600AC6C4B /* Release */ = {
			isa = XCBuildConfiguration;
			buildSettings = {
				ALWAYS_SEARCH_USER_PATHS = NO;
				CLANG_ANALYZER_NONNULL = YES;
				CLANG_ANALYZER_NUMBER_OBJECT_CONVERSION = YES_AGGRESSIVE;
				CLANG_CXX_LANGUAGE_STANDARD = "gnu++14";
				CLANG_CXX_LIBRARY = "libc++";
				CLANG_ENABLE_MODULES = YES;
				CLANG_ENABLE_OBJC_ARC = YES;
				CLANG_ENABLE_OBJC_WEAK = YES;
				CLANG_WARN_BLOCK_CAPTURE_AUTORELEASING = YES;
				CLANG_WARN_BOOL_CONVERSION = YES;
				CLANG_WARN_COMMA = YES;
				CLANG_WARN_CONSTANT_CONVERSION = YES;
				CLANG_WARN_DEPRECATED_OBJC_IMPLEMENTATIONS = YES;
				CLANG_WARN_DIRECT_OBJC_ISA_USAGE = YES_ERROR;
				CLANG_WARN_DOCUMENTATION_COMMENTS = YES;
				CLANG_WARN_EMPTY_BODY = YES;
				CLANG_WARN_ENUM_CONVERSION = YES;
				CLANG_WARN_INFINITE_RECURSION = YES;
				CLANG_WARN_INT_CONVERSION = YES;
				CLANG_WARN_NON_LITERAL_NULL_CONVERSION = YES;
				CLANG_WARN_OBJC_IMPLICIT_RETAIN_SELF = YES;
				CLANG_WARN_OBJC_LITERAL_CONVERSION = YES;
				CLANG_WARN_OBJC_ROOT_CLASS = YES_ERROR;
				CLANG_WARN_RANGE_LOOP_ANALYSIS = YES;
				CLANG_WARN_STRICT_PROTOTYPES = YES;
				CLANG_WARN_SUSPICIOUS_MOVE = YES;
				CLANG_WARN_UNGUARDED_AVAILABILITY = YES_AGGRESSIVE;
				CLANG_WARN_UNREACHABLE_CODE = YES;
				CLANG_WARN__DUPLICATE_METHOD_MATCH = YES;
				COPY_PHASE_STRIP = NO;
				DEBUG_INFORMATION_FORMAT = "dwarf-with-dsym";
				ENABLE_NS_ASSERTIONS = NO;
				ENABLE_STRICT_OBJC_MSGSEND = YES;
				GCC_C_LANGUAGE_STANDARD = gnu11;
				GCC_NO_COMMON_BLOCKS = YES;
				GCC_WARN_64_TO_32_BIT_CONVERSION = YES;
				GCC_WARN_ABOUT_RETURN_TYPE = YES_ERROR;
				GCC_WARN_UNDECLARED_SELECTOR = YES;
				GCC_WARN_UNINITIALIZED_AUTOS = YES_AGGRESSIVE;
				GCC_WARN_UNUSED_FUNCTION = YES;
				GCC_WARN_UNUSED_VARIABLE = YES;
				IPHONEOS_DEPLOYMENT_TARGET = 13.1;
				MTL_ENABLE_DEBUG_INFO = NO;
				MTL_FAST_MATH = YES;
				SDKROOT = iphoneos;
				SWIFT_COMPILATION_MODE = wholemodule;
				SWIFT_OPTIMIZATION_LEVEL = "-O";
				VALIDATE_PRODUCT = YES;
			};
			name = Release;
		};
		EEC26E8D23C3023600AC6C4B /* Debug */ = {
			isa = XCBuildConfiguration;
			baseConfigurationReference = 3A1194EF4F65149B679A006D /* Pods-EdhiTrust.debug.xcconfig */;
			buildSettings = {
				ASSETCATALOG_COMPILER_APPICON_NAME = AppIcon;
				CODE_SIGN_STYLE = Automatic;
				INFOPLIST_FILE = EdhiTrust/Info.plist;
				IPHONEOS_DEPLOYMENT_TARGET = 11.0;
				LD_RUNPATH_SEARCH_PATHS = (
					"$(inherited)",
					"@executable_path/Frameworks",
				);
				PRODUCT_BUNDLE_IDENTIFIER = "com.edhi-trust";
				PRODUCT_NAME = "$(TARGET_NAME)";
				SWIFT_VERSION = 5.0;
				TARGETED_DEVICE_FAMILY = "1,2";
			};
			name = Debug;
		};
		EEC26E8E23C3023600AC6C4B /* Release */ = {
			isa = XCBuildConfiguration;
			baseConfigurationReference = A4E619D75221AE2C9BA17BCC /* Pods-EdhiTrust.release.xcconfig */;
			buildSettings = {
				ASSETCATALOG_COMPILER_APPICON_NAME = AppIcon;
				CODE_SIGN_STYLE = Automatic;
				INFOPLIST_FILE = EdhiTrust/Info.plist;
				IPHONEOS_DEPLOYMENT_TARGET = 11.0;
				LD_RUNPATH_SEARCH_PATHS = (
					"$(inherited)",
					"@executable_path/Frameworks",
				);
				PRODUCT_BUNDLE_IDENTIFIER = "com.edhi-trust";
				PRODUCT_NAME = "$(TARGET_NAME)";
				SWIFT_VERSION = 5.0;
				TARGETED_DEVICE_FAMILY = "1,2";
			};
			name = Release;
		};
/* End XCBuildConfiguration section */

/* Begin XCConfigurationList section */
		EEC26E7323C3023400AC6C4B /* Build configuration list for PBXProject "EdhiTrust" */ = {
			isa = XCConfigurationList;
			buildConfigurations = (
				EEC26E8A23C3023600AC6C4B /* Debug */,
				EEC26E8B23C3023600AC6C4B /* Release */,
			);
			defaultConfigurationIsVisible = 0;
			defaultConfigurationName = Release;
		};
		EEC26E8C23C3023600AC6C4B /* Build configuration list for PBXNativeTarget "EdhiTrust" */ = {
			isa = XCConfigurationList;
			buildConfigurations = (
				EEC26E8D23C3023600AC6C4B /* Debug */,
				EEC26E8E23C3023600AC6C4B /* Release */,
			);
			defaultConfigurationIsVisible = 0;
			defaultConfigurationName = Release;
		};
/* End XCConfigurationList section */
	};
	rootObject = EEC26E7023C3023400AC6C4B /* Project object */;
}
